{
  "requires": true,
  "lockfileVersion": 1,
  "dependencies": {
    "skplayer": {
      "version": "3.0.8",
      "resolved": "https://registry.npmjs.org/skplayer/-/skplayer-3.0.8.tgz",
      "integrity": "sha512-GE3lYyiB7wX+gkEuLlhq/JfJ8Ba0HlJUI7Kp9Dlcbfbasrpq5ZWXX/6IUbqGd28Gzj/+Kt1c3dDbNam3cyhUbg=="
    }
  }
}
